{
  "name": "solid",
  "lockfileVersion": 2,
  "requires": true,
  "packages": {
    "": {
      "dependencies": {
        "packages.json": "^1.0.2",
        "source-map": "^0.7.3"
      }
    },
    "node_modules/packages.json": {
      "version": "1.0.2",
      "resolved": "https://registry.npmjs.org/packages.json/-/packages.json-1.0.2.tgz",
      "integrity": "sha512-MGtRs1SHtMGYGveOCNTPmMwNYCGeGnurGg2gB2UAumqyTAlMLUgOl+7BK7zj6mLUoeH7jAeGa9hqbQG5UgBkhA=="
    },
    "node_modules/source-map": {
      "version": "0.7.3",
      "resolved": "https://registry.npmjs.org/source-map/-/source-map-0.7.3.tgz",
      "integrity": "sha512-CkCj6giN3S+n9qrYiBTX5gystlENnRW5jZeNLHpe6aue+SrHcG5VYwujhW9s4dY31mEGsxBDrHR6oI69fTXsaQ==",
      "engines": {
        "node": ">= 8"
      }
    }
  },
  "dependencies": {
    "packages.json": {
      "version": "1.0.2",
      "resolved": "https://registry.npmjs.org/packages.json/-/packages.json-1.0.2.tgz",
      "integrity": "sha512-MGtRs1SHtMGYGveOCNTPmMwNYCGeGnurGg2gB2UAumqyTAlMLUgOl+7BK7zj6mLUoeH7jAeGa9hqbQG5UgBkhA=="
    },
    "source-map": {
      "version": "0.7.3",
      "resolved": "https://registry.npmjs.org/source-map/-/source-map-0.7.3.tgz",
      "integrity": "sha512-CkCj6giN3S+n9qrYiBTX5gystlENnRW5jZeNLHpe6aue+SrHcG5VYwujhW9s4dY31mEGsxBDrHR6oI69fTXsaQ=="
    }
  }
}
